// !$*UTF8*$!
{
	archiveVersion = 1;
	classes = {
	};
	objectVersion = 56;
	objects = {

/* Begin PBXBuildFile section */
		151752EE294E198100C83618 /* AppDelegate.swift in Sources */ = {isa = PBXBuildFile; fileRef = 151752ED294E198100C83618 /* AppDelegate.swift */; };
		151752F0294E198100C83618 /* SceneDelegate.swift in Sources */ = {isa = PBXBuildFile; fileRef = 151752EF294E198100C83618 /* SceneDelegate.swift */; };
		151752F2294E198100C83618 /* ViewController.swift in Sources */ = {isa = PBXBuildFile; fileRef = 151752F1294E198100C83618 /* ViewController.swift */; };
		151752F5294E198100C83618 /* Main.storyboard in Resources */ = {isa = PBXBuildFile; fileRef = 151752F3294E198100C83618 /* Main.storyboard */; };
		151752F7294E198200C83618 /* Assets.xcassets in Resources */ = {isa = PBXBuildFile; fileRef = 151752F6294E198200C83618 /* Assets.xcassets */; };
		151752FA294E198200C83618 /* LaunchScreen.storyboard in Resources */ = {isa = PBXBuildFile; fileRef = 151752F8294E198200C83618 /* LaunchScreen.storyboard */; };
		15BC59A62950261A00F8BF2C /* oneViewController.swift in Sources */ = {isa = PBXBuildFile; fileRef = 15BC59A52950261A00F8BF2C /* oneViewController.swift */; };
		15BC59A82950263000F8BF2C /* twoViewController.swift in Sources */ = {isa = PBXBuildFile; fileRef = 15BC59A72950263000F8BF2C /* twoViewController.swift */; };
		15BC59AA2950409E00F8BF2C /* profileValidateViewController.swift in Sources */ = {isa = PBXBuildFile; fileRef = 15BC59A92950409E00F8BF2C /* profileValidateViewController.swift */; };
		15BC59AD2950680A00F8BF2C /* DTTextField in Frameworks */ = {isa = PBXBuildFile; productRef = 15BC59AC2950680A00F8BF2C /* DTTextField */; };
/* End PBXBuildFile section */

/* Begin PBXFileReference section */
		151752EA294E198100C83618 /* profilevalidate.app */ = {isa = PBXFileReference; explicitFileType = wrapper.application; includeInIndex = 0; path = profilevalidate.app; sourceTree = BUILT_PRODUCTS_DIR; };
		151752ED294E198100C83618 /* AppDelegate.swift */ = {isa = PBXFileReference; lastKnownFileType = sourcecode.swift; path = AppDelegate.swift; sourceTree = "<group>"; };
		151752EF294E198100C83618 /* SceneDelegate.swift */ = {isa = PBXFileReference; lastKnownFileType = sourcecode.swift; path = SceneDelegate.swift; sourceTree = "<group>"; };
		151752F1294E198100C83618 /* ViewController.swift */ = {isa = PBXFileReference; lastKnownFileType = sourcecode.swift; path = ViewController.swift; sourceTree = "<group>"; };
		151752F4294E198100C83618 /* Base */ = {isa = PBXFileReference; lastKnownFileType = file.storyboard; name = Base; path = Base.lproj/Main.storyboard; sourceTree = "<group>"; };
		151752F6294E198200C83618 /* Assets.xcassets */ = {isa = PBXFileReference; lastKnownFileType = folder.assetcatalog; path = Assets.xcassets; sourceTree = "<group>"; };
		151752F9294E198200C83618 /* Base */ = {isa = PBXFileReference; lastKnownFileType = file.storyboard; name = Base; path = Base.lproj/LaunchScreen.storyboard; sourceTree = "<group>"; };
		151752FB294E198200C83618 /* Info.plist */ = {isa = PBXFileReference; lastKnownFileType = text.plist.xml; path = Info.plist; sourceTree = "<group>"; };
		15BC59A52950261A00F8BF2C /* oneViewController.swift */ = {isa = PBXFileReference; lastKnownFileType = sourcecode.swift; path = oneViewController.swift; sourceTree = "<group>"; };
		15BC59A72950263000F8BF2C /* twoViewController.swift */ = {isa = PBXFileReference; lastKnownFileType = sourcecode.swift; path = twoViewController.swift; sourceTree = "<group>"; };
		15BC59A92950409E00F8BF2C /* profileValidateViewController.swift */ = {isa = PBXFileReference; lastKnownFileType = sourcecode.swift; path = profileValidateViewController.swift; sourceTree = "<group>"; };
/* End PBXFileReference section */

/* Begin PBXFrameworksBuildPhase section */
		151752E7294E198100C83618 /* Frameworks */ = {
			isa = PBXFrameworksBuildPhase;
			buildActionMask = 2147483647;
			files = (
				15BC59AD2950680A00F8BF2C /* DTTextField in Frameworks */,
			);
			runOnlyForDeploymentPostprocessing = 0;
		};
/* End PBXFrameworksBuildPhase section */

/* Begin PBXGroup section */
		151752E1294E198100C83618 = {
			isa = PBXGroup;
			children = (
				151752EC294E198100C83618 /* profilevalidate */,
				151752EB294E198100C83618 /* Products */,
			);
			sourceTree = "<group>";
		};
		151752EB294E198100C83618 /* Products */ = {
			isa = PBXGroup;
			children = (
				151752EA294E198100C83618 /* profilevalidate.app */,
			);
			name = Products;
			sourceTree = "<group>";
		};
		151752EC294E198100C83618 /* profilevalidate */ = {
			isa = PBXGroup;
			children = (
				151752ED294E198100C83618 /* AppDelegate.swift */,
				151752EF294E198100C83618 /* SceneDelegate.swift */,
				151752F1294E198100C83618 /* ViewController.swift */,
				151752F3294E198100C83618 /* Main.storyboard */,
				15BC59A92950409E00F8BF2C /* profileValidateViewController.swift */,
				15BC59A72950263000F8BF2C /* twoViewController.swift */,
				15BC59A52950261A00F8BF2C /* oneViewController.swift */,
				151752F6294E198200C83618 /* Assets.xcassets */,
				151752F8294E198200C83618 /* LaunchScreen.storyboard */,
				151752FB294E198200C83618 /* Info.plist */,
			);
			path = profilevalidate;
			sourceTree = "<group>";
		};
/* End PBXGroup section */

/* Begin PBXNativeTarget section */
		151752E9294E198100C83618 /* profilevalidate */ = {
			isa = PBXNativeTarget;
			buildConfigurationList = 151752FE294E198200C83618 /* Build configuration list for PBXNativeTarget "profilevalidate" */;
			buildPhases = (
				151752E6294E198100C83618 /* Sources */,
				151752E7294E198100C83618 /* Frameworks */,
				151752E8294E198100C83618 /* Resources */,
			);
			buildRules = (
			);
			dependencies = (
			);
			name = profilevalidate;
			packageProductDependencies = (
				15BC59AC2950680A00F8BF2C /* DTTextField */,
			);
			productName = profilevalidate;
			productReference = 151752EA294E198100C83618 /* profilevalidate.app */;
			productType = "com.apple.product-type.application";
		};
/* End PBXNativeTarget section */

/* Begin PBXProject section */
		151752E2294E198100C83618 /* Project object */ = {
			isa = PBXProject;
			attributes = {
				BuildIndependentTargetsInParallel = 1;
				LastSwiftUpdateCheck = 1410;
				LastUpgradeCheck = 1410;
				TargetAttributes = {
					151752E9294E198100C83618 = {
						CreatedOnToolsVersion = 14.1;
					};
				};
			};
			buildConfigurationList = 151752E5294E198100C83618 /* Build configuration list for PBXProject "profilevalidate" */;
			compatibilityVersion = "Xcode 14.0";
			developmentRegion = en;
			hasScannedForEncodings = 0;
			knownRegions = (
				en,
				Base,
			);
			mainGroup = 151752E1294E198100C83618;
			packageReferences = (
				15BC59AB2950680A00F8BF2C /* XCRemoteSwiftPackageReference "DTTextField" */,
			);
			productRefGroup = 151752EB294E198100C83618 /* Products */;
			projectDirPath = "";
			projectRoot = "";
			targets = (
				151752E9294E198100C83618 /* profilevalidate */,
			);
		};
/* End PBXProject section */

/* Begin PBXResourcesBuildPhase section */
		151752E8294E198100C83618 /* Resources */ = {
			isa = PBXResourcesBuildPhase;
			buildActionMask = 2147483647;
			files = (
				151752FA294E198200C83618 /* LaunchScreen.storyboard in Resources */,
				151752F7294E198200C83618 /* Assets.xcassets in Resources */,
				151752F5294E198100C83618 /* Main.storyboard in Resources */,
			);
			runOnlyForDeploymentPostprocessing = 0;
		};
/* End PBXResourcesBuildPhase section */

/* Begin PBXSourcesBuildPhase section */
		151752E6294E198100C83618 /* Sources */ = {
			isa = PBXSourcesBuildPhase;
			buildActionMask = 2147483647;
			files = (
				151752F2294E198100C83618 /* ViewController.swift in Sources */,
				151752EE294E198100C83618 /* AppDelegate.swift in Sources */,
				15BC59AA2950409E00F8BF2C /* profileValidateViewController.swift in Sources */,
				151752F0294E198100C83618 /* SceneDelegate.swift in Sources */,
				15BC59A82950263000F8BF2C /* twoViewController.swift in Sources */,
				15BC59A62950261A00F8BF2C /* oneViewController.swift in Sources */,
			);
			runOnlyForDeploymentPostprocessing = 0;
		};
/* End PBXSourcesBuildPhase section */

/* Begin PBXVariantGroup section */
		151752F3294E198100C83618 /* Main.storyboard */ = {
			isa = PBXVariantGroup;
			children = (
				151752F4294E198100C83618 /* Base */,
			);
			name = Main.storyboard;
			sourceTree = "<group>";
		};
		151752F8294E198200C83618 /* LaunchScreen.storyboard */ = {
			isa = PBXVariantGroup;
			children = (
				151752F9294E198200C83618 /* Base */,
			);
			name = LaunchScreen.storyboard;
			sourceTree = "<group>";
		};
/* End PBXVariantGroup section */

/* Begin XCBuildConfiguration section */
		151752FC294E198200C83618 /* Debug */ = {
			isa = XCBuildConfiguration;
			buildSettings = {
				ALWAYS_SEARCH_USER_PATHS = NO;
				CLANG_ANALYZER_NONNULL = YES;
				CLANG_ANALYZER_NUMBER_OBJECT_CONVERSION = YES_AGGRESSIVE;
				CLANG_CXX_LANGUAGE_STANDARD = "gnu++20";
				CLANG_ENABLE_MODULES = YES;
				CLANG_ENABLE_OBJC_ARC = YES;
				CLANG_ENABLE_OBJC_WEAK = YES;
				CLANG_WARN_BLOCK_CAPTURE_AUTORELEASING = YES;
				CLANG_WARN_BOOL_CONVERSION = YES;
				CLANG_WARN_COMMA = YES;
				CLANG_WARN_CONSTANT_CONVERSION = YES;
				CLANG_WARN_DEPRECATED_OBJC_IMPLEMENTATIONS = YES;
				CLANG_WARN_DIRECT_OBJC_ISA_USAGE = YES_ERROR;
				CLANG_WARN_DOCUMENTATION_COMMENTS = YES;
				CLANG_WARN_EMPTY_BODY = YES;
				CLANG_WARN_ENUM_CONVERSION = YES;
				CLANG_WARN_INFINITE_RECURSION = YES;
				CLANG_WARN_INT_CONVERSION = YES;
				CLANG_WARN_NON_LITERAL_NULL_CONVERSION = YES;
				CLANG_WARN_OBJC_IMPLICIT_RETAIN_SELF = YES;
				CLANG_WARN_OBJC_LITERAL_CONVERSION = YES;
				CLANG_WARN_OBJC_ROOT_CLASS = YES_ERROR;
				CLANG_WARN_QUOTED_INCLUDE_IN_FRAMEWORK_HEADER = YES;
				CLANG_WARN_RANGE_LOOP_ANALYSIS = YES;
				CLANG_WARN_STRICT_PROTOTYPES = YES;
				CLANG_WARN_SUSPICIOUS_MOVE = YES;
				CLANG_WARN_UNGUARDED_AVAILABILITY = YES_AGGRESSIVE;
				CLANG_WARN_UNREACHABLE_CODE = YES;
				CLANG_WARN__DUPLICATE_METHOD_MATCH = YES;
				COPY_PHASE_STRIP = NO;
				DEBUG_INFORMATION_FORMAT = dwarf;
				ENABLE_STRICT_OBJC_MSGSEND = YES;
				ENABLE_TESTABILITY = YES;
				GCC_C_LANGUAGE_STANDARD = gnu11;
				GCC_DYNAMIC_NO_PIC = NO;
				GCC_NO_COMMON_BLOCKS = YES;
				GCC_OPTIMIZATION_LEVEL = 0;
				GCC_PREPROCESSOR_DEFINITIONS = (
					"DEBUG=1",
					"$(inherited)",
				);
				GCC_WARN_64_TO_32_BIT_CONVERSION = YES;
				GCC_WARN_ABOUT_RETURN_TYPE = YES_ERROR;
				GCC_WARN_UNDECLARED_SELECTOR = YES;
				GCC_WARN_UNINITIALIZED_AUTOS = YES_AGGRESSIVE;
				GCC_WARN_UNUSED_FUNCTION = YES;
				GCC_WARN_UNUSED_VARIABLE = YES;
				IPHONEOS_DEPLOYMENT_TARGET = 16.1;
				MTL_ENABLE_DEBUG_INFO = INCLUDE_SOURCE;
				MTL_FAST_MATH = YES;
				ONLY_ACTIVE_ARCH = YES;
				SDKROOT = iphoneos;
				SWIFT_ACTIVE_COMPILATION_CONDITIONS = DEBUG;
				SWIFT_OPTIMIZATION_LEVEL = "-Onone";
			};
			name = Debug;
		};
		151752FD294E198200C83618 /* Release */ = {
			isa = XCBuildConfiguration;
			buildSettings = {
				ALWAYS_SEARCH_USER_PATHS = NO;
				CLANG_ANALYZER_NONNULL = YES;
				CLANG_ANALYZER_NUMBER_OBJECT_CONVERSION = YES_AGGRESSIVE;
				CLANG_CXX_LANGUAGE_STANDARD = "gnu++20";
				CLANG_ENABLE_MODULES = YES;
				CLANG_ENABLE_OBJC_ARC = YES;
				CLANG_ENABLE_OBJC_WEAK = YES;
				CLANG_WARN_BLOCK_CAPTURE_AUTORELEASING = YES;
				CLANG_WARN_BOOL_CONVERSION = YES;
				CLANG_WARN_COMMA = YES;
				CLANG_WARN_CONSTANT_CONVERSION = YES;
				CLANG_WARN_DEPRECATED_OBJC_IMPLEMENTATIONS = YES;
				CLANG_WARN_DIRECT_OBJC_ISA_USAGE = YES_ERROR;
				CLANG_WARN_DOCUMENTATION_COMMENTS = YES;
				CLANG_WARN_EMPTY_BODY = YES;
				CLANG_WARN_ENUM_CONVERSION = YES;
				CLANG_WARN_INFINITE_RECURSION = YES;
				CLANG_WARN_INT_CONVERSION = YES;
				CLANG_WARN_NON_LITERAL_NULL_CONVERSION = YES;
				CLANG_WARN_OBJC_IMPLICIT_RETAIN_SELF = YES;
				CLANG_WARN_OBJC_LITERAL_CONVERSION = YES;
				CLANG_WARN_OBJC_ROOT_CLASS = YES_ERROR;
				CLANG_WARN_QUOTED_INCLUDE_IN_FRAMEWORK_HEADER = YES;
				CLANG_WARN_RANGE_LOOP_ANALYSIS = YES;
				CLANG_WARN_STRICT_PROTOTYPES = YES;
				CLANG_WARN_SUSPICIOUS_MOVE = YES;
				CLANG_WARN_UNGUARDED_AVAILABILITY = YES_AGGRESSIVE;
				CLANG_WARN_UNREACHABLE_CODE = YES;
				CLANG_WARN__DUPLICATE_METHOD_MATCH = YES;
				COPY_PHASE_STRIP = NO;
				DEBUG_INFORMATION_FORMAT = "dwarf-with-dsym";
				ENABLE_NS_ASSERTIONS = NO;
				ENABLE_STRICT_OBJC_MSGSEND = YES;
				GCC_C_LANGUAGE_STANDARD = gnu11;
				GCC_NO_COMMON_BLOCKS = YES;
				GCC_WARN_64_TO_32_BIT_CONVERSION = YES;
				GCC_WARN_ABOUT_RETURN_TYPE = YES_ERROR;
				GCC_WARN_UNDECLARED_SELECTOR = YES;
				GCC_WARN_UNINITIALIZED_AUTOS = YES_AGGRESSIVE;
				GCC_WARN_UNUSED_FUNCTION = YES;
				GCC_WARN_UNUSED_VARIABLE = YES;
				IPHONEOS_DEPLOYMENT_TARGET = 16.1;
				MTL_ENABLE_DEBUG_INFO = NO;
				MTL_FAST_MATH = YES;
				SDKROOT = iphoneos;
				SWIFT_COMPILATION_MODE = wholemodule;
				SWIFT_OPTIMIZATION_LEVEL = "-O";
				VALIDATE_PRODUCT = YES;
			};
			name = Release;
		};
		151752FF294E198200C83618 /* Debug */ = {
			isa = XCBuildConfiguration;
			buildSettings = {
				ASSETCATALOG_COMPILER_APPICON_NAME = AppIcon;
				ASSETCATALOG_COMPILER_GLOBAL_ACCENT_COLOR_NAME = AccentColor;
				CODE_SIGN_STYLE = Automatic;
				CURRENT_PROJECT_VERSION = 1;
				DEVELOPMENT_TEAM = KH9MT2XX5D;
				GENERATE_INFOPLIST_FILE = YES;
				INFOPLIST_FILE = profilevalidate/Info.plist;
				INFOPLIST_KEY_UIApplicationSupportsIndirectInputEvents = YES;
				INFOPLIST_KEY_UILaunchStoryboardName = LaunchScreen;
				INFOPLIST_KEY_UIMainStoryboardFile = Main;
				INFOPLIST_KEY_UISupportedInterfaceOrientations_iPad = "UIInterfaceOrientationPortrait UIInterfaceOrientationPortraitUpsideDown UIInterfaceOrientationLandscapeLeft UIInterfaceOrientationLandscapeRight";
				INFOPLIST_KEY_UISupportedInterfaceOrientations_iPhone = "UIInterfaceOrientationPortrait UIInterfaceOrientationLandscapeLeft UIInterfaceOrientationLandscapeRight";
				IPHONEOS_DEPLOYMENT_TARGET = 15.0;
				LD_RUNPATH_SEARCH_PATHS = (
					"$(inherited)",
					"@executable_path/Frameworks",
				);
				MARKETING_VERSION = 1.0;
				PRODUCT_BUNDLE_IDENTIFIER = "PEPUL-TECH-PRIVATE-LIMITED.profilevalidate";
				PRODUCT_NAME = "$(TARGET_NAME)";
				SWIFT_EMIT_LOC_STRINGS = YES;
				SWIFT_VERSION = 5.0;
				TARGETED_DEVICE_FAMILY = "1,2";
			};
			name = Debug;
		};
		15175300294E198200C83618 /* Release */ = {
			isa = XCBuildConfiguration;
			buildSettings = {
				ASSETCATALOG_COMPILER_APPICON_NAME = AppIcon;
				ASSETCATALOG_COMPILER_GLOBAL_ACCENT_COLOR_NAME = AccentColor;
				CODE_SIGN_STYLE = Automatic;
				CURRENT_PROJECT_VERSION = 1;
				DEVELOPMENT_TEAM = KH9MT2XX5D;
				GENERATE_INFOPLIST_FILE = YES;
				INFOPLIST_FILE = profilevalidate/Info.plist;
				INFOPLIST_KEY_UIApplicationSupportsIndirectInputEvents = YES;
				INFOPLIST_KEY_UILaunchStoryboardName = LaunchScreen;
				INFOPLIST_KEY_UIMainStoryboardFile = Main;
				INFOPLIST_KEY_UISupportedInterfaceOrientations_iPad = "UIInterfaceOrientationPortrait UIInterfaceOrientationPortraitUpsideDown UIInterfaceOrientationLandscapeLeft UIInterfaceOrientationLandscapeRight";
				INFOPLIST_KEY_UISupportedInterfaceOrientations_iPhone = "UIInterfaceOrientationPortrait UIInterfaceOrientationLandscapeLeft UIInterfaceOrientationLandscapeRight";
				IPHONEOS_DEPLOYMENT_TARGET = 15.0;
				LD_RUNPATH_SEARCH_PATHS = (
					"$(inherited)",
					"@executable_path/Frameworks",
				);
				MARKETING_VERSION = 1.0;
				PRODUCT_BUNDLE_IDENTIFIER = "PEPUL-TECH-PRIVATE-LIMITED.profilevalidate";
				PRODUCT_NAME = "$(TARGET_NAME)";
				SWIFT_EMIT_LOC_STRINGS = YES;
				SWIFT_VERSION = 5.0;
				TARGETED_DEVICE_FAMILY = "1,2";
			};
			name = Release;
		};
/* End XCBuildConfiguration section */

/* Begin XCConfigurationList section */
		151752E5294E198100C83618 /* Build configuration list for PBXProject "profilevalidate" */ = {
			isa = XCConfigurationList;
			buildConfigurations = (
				151752FC294E198200C83618 /* Debug */,
				151752FD294E198200C83618 /* Release */,
			);
			defaultConfigurationIsVisible = 0;
			defaultConfigurationName = Release;
		};
		151752FE294E198200C83618 /* Build configuration list for PBXNativeTarget "profilevalidate" */ = {
			isa = XCConfigurationList;
			buildConfigurations = (
				151752FF294E198200C83618 /* Debug */,
				15175300294E198200C83618 /* Release */,
			);
			defaultConfigurationIsVisible = 0;
			defaultConfigurationName = Release;
		};
/* End XCConfigurationList section */

/* Begin XCRemoteSwiftPackageReference section */
		15BC59AB2950680A00F8BF2C /* XCRemoteSwiftPackageReference "DTTextField" */ = {
			isa = XCRemoteSwiftPackageReference;
			repositoryURL = "https://github.com/iDhaval/DTTextField";
			requirement = {
				branch = master;
				kind = branch;
			};
		};
/* End XCRemoteSwiftPackageReference section */

/* Begin XCSwiftPackageProductDependency section */
		15BC59AC2950680A00F8BF2C /* DTTextField */ = {
			isa = XCSwiftPackageProductDependency;
			package = 15BC59AB2950680A00F8BF2C /* XCRemoteSwiftPackageReference "DTTextField" */;
			productName = DTTextField;
		};
/* End XCSwiftPackageProductDependency section */
	};
	rootObject = 151752E2294E198100C83618 /* Project object */;
}
